// !$*UTF8*$!
{
	archiveVersion = 1;
	classes = {
	};
	objectVersion = 56;
	objects = {

/* Begin PBXBuildFile section */
		DB6697E329D064B900E824B9 /* account_abstraction_demoApp.swift in Sources */ = {isa = PBXBuildFile; fileRef = DB6697E229D064B900E824B9 /* account_abstraction_demoApp.swift */; };
		DB6697E529D064B900E824B9 /* ContentView.swift in Sources */ = {isa = PBXBuildFile; fileRef = DB6697E429D064B900E824B9 /* ContentView.swift */; };
		DB6697E729D064BB00E824B9 /* Assets.xcassets in Resources */ = {isa = PBXBuildFile; fileRef = DB6697E629D064BB00E824B9 /* Assets.xcassets */; };
		DB6697EA29D064BB00E824B9 /* Preview Assets.xcassets in Resources */ = {isa = PBXBuildFile; fileRef = DB6697E929D064BB00E824B9 /* Preview Assets.xcassets */; };
		DB6697F129D0713E00E824B9 /* AccountAbstractionView.swift in Sources */ = {isa = PBXBuildFile; fileRef = DB6697F029D0713E00E824B9 /* AccountAbstractionView.swift */; };
		DB8DDE1B29D24E020058B8AD /* PolywrapNativeClient.xcframework in Frameworks */ = {isa = PBXBuildFile; fileRef = DBC283D129D22B980048EF64 /* PolywrapNativeClient.xcframework */; };
		DB8DDE1C29D24E020058B8AD /* PolywrapNativeClient.xcframework in Embed Frameworks */ = {isa = PBXBuildFile; fileRef = DBC283D129D22B980048EF64 /* PolywrapNativeClient.xcframework */; settings = {ATTRIBUTES = (CodeSignOnCopy, RemoveHeadersOnCopy, ); }; };
		DB8DDE1F29D254E70058B8AD /* PolywrapClient in Frameworks */ = {isa = PBXBuildFile; productRef = DB8DDE1E29D254E70058B8AD /* PolywrapClient */; };
		DB8DDE2329D25A1F0058B8AD /* HttpPlugin in Frameworks */ = {isa = PBXBuildFile; productRef = DB8DDE2229D25A1F0058B8AD /* HttpPlugin */; };
/* End PBXBuildFile section */

/* Begin PBXCopyFilesBuildPhase section */
		DB8DDE1D29D24E020058B8AD /* Embed Frameworks */ = {
			isa = PBXCopyFilesBuildPhase;
			buildActionMask = 2147483647;
			dstPath = "";
			dstSubfolderSpec = 10;
			files = (
				DB8DDE1C29D24E020058B8AD /* PolywrapNativeClient.xcframework in Embed Frameworks */,
			);
			name = "Embed Frameworks";
			runOnlyForDeploymentPostprocessing = 0;
		};
/* End PBXCopyFilesBuildPhase section */

/* Begin PBXFileReference section */
		DB6697DF29D064B900E824B9 /* account-abstraction-demo.app */ = {isa = PBXFileReference; explicitFileType = wrapper.application; includeInIndex = 0; path = "account-abstraction-demo.app"; sourceTree = BUILT_PRODUCTS_DIR; };
		DB6697E229D064B900E824B9 /* account_abstraction_demoApp.swift */ = {isa = PBXFileReference; lastKnownFileType = sourcecode.swift; path = account_abstraction_demoApp.swift; sourceTree = "<group>"; };
		DB6697E429D064B900E824B9 /* ContentView.swift */ = {isa = PBXFileReference; lastKnownFileType = sourcecode.swift; path = ContentView.swift; sourceTree = "<group>"; };
		DB6697E629D064BB00E824B9 /* Assets.xcassets */ = {isa = PBXFileReference; lastKnownFileType = folder.assetcatalog; path = Assets.xcassets; sourceTree = "<group>"; };
		DB6697E929D064BB00E824B9 /* Preview Assets.xcassets */ = {isa = PBXFileReference; lastKnownFileType = folder.assetcatalog; path = "Preview Assets.xcassets"; sourceTree = "<group>"; };
		DB6697F029D0713E00E824B9 /* AccountAbstractionView.swift */ = {isa = PBXFileReference; lastKnownFileType = sourcecode.swift; path = AccountAbstractionView.swift; sourceTree = "<group>"; };
		DB8DDE1129D237060058B8AD /* PolywrapNativeClient.swift */ = {isa = PBXFileReference; lastKnownFileType = sourcecode.swift; name = PolywrapNativeClient.swift; path = "../../polywrap/swift-client/Sources/PolywrapClient/PolywrapNativeClient.swift"; sourceTree = "<group>"; };
		DB8DDE1329D237210058B8AD /* swift-client */ = {isa = PBXFileReference; lastKnownFileType = wrapper; name = "swift-client"; path = "../../polywrap/swift-client"; sourceTree = "<group>"; };
		DB8DDE2029D2550A0058B8AD /* swift */ = {isa = PBXFileReference; lastKnownFileType = wrapper; name = swift; path = ../../polywrap/http/implementations/swift; sourceTree = "<group>"; };
		DB8DDE2129D255A60058B8AD /* swift-client */ = {isa = PBXFileReference; lastKnownFileType = wrapper; name = "swift-client"; path = "../../polywrap/swift-client"; sourceTree = "<group>"; };
		DBC283D129D22B980048EF64 /* PolywrapNativeClient.xcframework */ = {isa = PBXFileReference; lastKnownFileType = wrapper.xcframework; name = PolywrapNativeClient.xcframework; path = "../../polywrap/swift-client/scripts/PolywrapNativeClient.xcframework"; sourceTree = "<group>"; };
		DBD0C7A429D234BE002FD830 /* libdl.tbd */ = {isa = PBXFileReference; lastKnownFileType = "sourcecode.text-based-dylib-definition"; name = libdl.tbd; path = usr/lib/libdl.tbd; sourceTree = SDKROOT; };
/* End PBXFileReference section */

/* Begin PBXFrameworksBuildPhase section */
		DB6697DC29D064B900E824B9 /* Frameworks */ = {
			isa = PBXFrameworksBuildPhase;
			buildActionMask = 2147483647;
			files = (
				DB8DDE1B29D24E020058B8AD /* PolywrapNativeClient.xcframework in Frameworks */,
				DB8DDE2329D25A1F0058B8AD /* HttpPlugin in Frameworks */,
				DB8DDE1F29D254E70058B8AD /* PolywrapClient in Frameworks */,
			);
			runOnlyForDeploymentPostprocessing = 0;
		};
/* End PBXFrameworksBuildPhase section */

/* Begin PBXGroup section */
		DB6697D629D064B900E824B9 = {
			isa = PBXGroup;
			children = (
				DBC283C829D225410048EF64 /* Packages */,
				DB6697E129D064B900E824B9 /* account-abstraction-demo */,
				DB6697E029D064B900E824B9 /* Products */,
				DBC283CE29D22B6B0048EF64 /* Frameworks */,
			);
			sourceTree = "<group>";
		};
		DB6697E029D064B900E824B9 /* Products */ = {
			isa = PBXGroup;
			children = (
				DB6697DF29D064B900E824B9 /* account-abstraction-demo.app */,
			);
			name = Products;
			sourceTree = "<group>";
		};
		DB6697E129D064B900E824B9 /* account-abstraction-demo */ = {
			isa = PBXGroup;
			children = (
				DB6697E229D064B900E824B9 /* account_abstraction_demoApp.swift */,
				DB6697E429D064B900E824B9 /* ContentView.swift */,
				DB6697E629D064BB00E824B9 /* Assets.xcassets */,
				DB6697E829D064BB00E824B9 /* Preview Content */,
				DB6697F029D0713E00E824B9 /* AccountAbstractionView.swift */,
			);
			path = "account-abstraction-demo";
			sourceTree = "<group>";
		};
		DB6697E829D064BB00E824B9 /* Preview Content */ = {
			isa = PBXGroup;
			children = (
				DB6697E929D064BB00E824B9 /* Preview Assets.xcassets */,
			);
			path = "Preview Content";
			sourceTree = "<group>";
		};
		DBC283C829D225410048EF64 /* Packages */ = {
			isa = PBXGroup;
			children = (
				DB8DDE1329D237210058B8AD /* swift-client */,
				DB8DDE2029D2550A0058B8AD /* swift */,
				DB8DDE2129D255A60058B8AD /* swift-client */,
			);
			name = Packages;
			sourceTree = "<group>";
		};
		DBC283CE29D22B6B0048EF64 /* Frameworks */ = {
			isa = PBXGroup;
			children = (
				DB8DDE1129D237060058B8AD /* PolywrapNativeClient.swift */,
				DBD0C7A429D234BE002FD830 /* libdl.tbd */,
				DBC283D129D22B980048EF64 /* PolywrapNativeClient.xcframework */,
			);
			name = Frameworks;
			sourceTree = "<group>";
		};
/* End PBXGroup section */

/* Begin PBXNativeTarget section */
		DB6697DE29D064B900E824B9 /* account-abstraction-demo */ = {
			isa = PBXNativeTarget;
			buildConfigurationList = DB6697ED29D064BB00E824B9 /* Build configuration list for PBXNativeTarget "account-abstraction-demo" */;
			buildPhases = (
				DB6697DB29D064B900E824B9 /* Sources */,
				DB6697DC29D064B900E824B9 /* Frameworks */,
				DB6697DD29D064B900E824B9 /* Resources */,
				DB8DDE1D29D24E020058B8AD /* Embed Frameworks */,
			);
			buildRules = (
			);
			dependencies = (
			);
			name = "account-abstraction-demo";
			packageProductDependencies = (
				DB8DDE1E29D254E70058B8AD /* PolywrapClient */,
				DB8DDE2229D25A1F0058B8AD /* HttpPlugin */,
			);
			productName = "account-abstraction-demo";
			productReference = DB6697DF29D064B900E824B9 /* account-abstraction-demo.app */;
			productType = "com.apple.product-type.application";
		};
/* End PBXNativeTarget section */

/* Begin PBXProject section */
		DB6697D729D064B900E824B9 /* Project object */ = {
			isa = PBXProject;
			attributes = {
				BuildIndependentTargetsInParallel = 1;
				KnownAssetTags = (
					New,
				);
				LastSwiftUpdateCheck = 1420;
				LastUpgradeCheck = 1420;
				TargetAttributes = {
					DB6697DE29D064B900E824B9 = {
						CreatedOnToolsVersion = 14.2;
					};
				};
			};
			buildConfigurationList = DB6697DA29D064B900E824B9 /* Build configuration list for PBXProject "account-abstraction-demo" */;
			compatibilityVersion = "Xcode 14.0";
			developmentRegion = en;
			hasScannedForEncodings = 0;
			knownRegions = (
				en,
				Base,
			);
			mainGroup = DB6697D629D064B900E824B9;
			productRefGroup = DB6697E029D064B900E824B9 /* Products */;
			projectDirPath = "";
			projectRoot = "";
			targets = (
				DB6697DE29D064B900E824B9 /* account-abstraction-demo */,
			);
		};
/* End PBXProject section */

/* Begin PBXResourcesBuildPhase section */
		DB6697DD29D064B900E824B9 /* Resources */ = {
			isa = PBXResourcesBuildPhase;
			buildActionMask = 2147483647;
			files = (
				DB6697EA29D064BB00E824B9 /* Preview Assets.xcassets in Resources */,
				DB6697E729D064BB00E824B9 /* Assets.xcassets in Resources */,
			);
			runOnlyForDeploymentPostprocessing = 0;
		};
/* End PBXResourcesBuildPhase section */

/* Begin PBXSourcesBuildPhase section */
		DB6697DB29D064B900E824B9 /* Sources */ = {
			isa = PBXSourcesBuildPhase;
			buildActionMask = 2147483647;
			files = (
				DB6697E529D064B900E824B9 /* ContentView.swift in Sources */,
				DB6697E329D064B900E824B9 /* account_abstraction_demoApp.swift in Sources */,
				DB6697F129D0713E00E824B9 /* AccountAbstractionView.swift in Sources */,
			);
			runOnlyForDeploymentPostprocessing = 0;
		};
/* End PBXSourcesBuildPhase section */

/* Begin XCBuildConfiguration section */
		DB6697EB29D064BB00E824B9 /* Debug */ = {
			isa = XCBuildConfiguration;
			buildSettings = {
				ALWAYS_SEARCH_USER_PATHS = NO;
				CLANG_ANALYZER_NONNULL = YES;
				CLANG_ANALYZER_NUMBER_OBJECT_CONVERSION = YES_AGGRESSIVE;
				CLANG_CXX_LANGUAGE_STANDARD = "gnu++20";
				CLANG_ENABLE_MODULES = YES;
				CLANG_ENABLE_OBJC_ARC = YES;
				CLANG_ENABLE_OBJC_WEAK = YES;
				CLANG_WARN_BLOCK_CAPTURE_AUTORELEASING = YES;
				CLANG_WARN_BOOL_CONVERSION = YES;
				CLANG_WARN_COMMA = YES;
				CLANG_WARN_CONSTANT_CONVERSION = YES;
				CLANG_WARN_DEPRECATED_OBJC_IMPLEMENTATIONS = YES;
				CLANG_WARN_DIRECT_OBJC_ISA_USAGE = YES_ERROR;
				CLANG_WARN_DOCUMENTATION_COMMENTS = YES;
				CLANG_WARN_EMPTY_BODY = YES;
				CLANG_WARN_ENUM_CONVERSION = YES;
				CLANG_WARN_INFINITE_RECURSION = YES;
				CLANG_WARN_INT_CONVERSION = YES;
				CLANG_WARN_NON_LITERAL_NULL_CONVERSION = YES;
				CLANG_WARN_OBJC_IMPLICIT_RETAIN_SELF = YES;
				CLANG_WARN_OBJC_LITERAL_CONVERSION = YES;
				CLANG_WARN_OBJC_ROOT_CLASS = YES_ERROR;
				CLANG_WARN_QUOTED_INCLUDE_IN_FRAMEWORK_HEADER = YES;
				CLANG_WARN_RANGE_LOOP_ANALYSIS = YES;
				CLANG_WARN_STRICT_PROTOTYPES = YES;
				CLANG_WARN_SUSPICIOUS_MOVE = YES;
				CLANG_WARN_UNGUARDED_AVAILABILITY = YES_AGGRESSIVE;
				CLANG_WARN_UNREACHABLE_CODE = YES;
				CLANG_WARN__DUPLICATE_METHOD_MATCH = YES;
				COPY_PHASE_STRIP = NO;
				DEBUG_INFORMATION_FORMAT = dwarf;
				ENABLE_STRICT_OBJC_MSGSEND = YES;
				ENABLE_TESTABILITY = YES;
				GCC_C_LANGUAGE_STANDARD = gnu11;
				GCC_DYNAMIC_NO_PIC = NO;
				GCC_NO_COMMON_BLOCKS = YES;
				GCC_OPTIMIZATION_LEVEL = 0;
				GCC_PREPROCESSOR_DEFINITIONS = (
					"DEBUG=1",
					"$(inherited)",
				);
				GCC_WARN_64_TO_32_BIT_CONVERSION = YES;
				GCC_WARN_ABOUT_RETURN_TYPE = YES_ERROR;
				GCC_WARN_UNDECLARED_SELECTOR = YES;
				GCC_WARN_UNINITIALIZED_AUTOS = YES_AGGRESSIVE;
				GCC_WARN_UNUSED_FUNCTION = YES;
				GCC_WARN_UNUSED_VARIABLE = YES;
				IPHONEOS_DEPLOYMENT_TARGET = 16.2;
				MTL_ENABLE_DEBUG_INFO = INCLUDE_SOURCE;
				MTL_FAST_MATH = YES;
				ONLY_ACTIVE_ARCH = YES;
				SDKROOT = iphoneos;
				SWIFT_ACTIVE_COMPILATION_CONDITIONS = DEBUG;
				SWIFT_OPTIMIZATION_LEVEL = "-Onone";
			};
			name = Debug;
		};
		DB6697EC29D064BB00E824B9 /* Release */ = {
			isa = XCBuildConfiguration;
			buildSettings = {
				ALWAYS_SEARCH_USER_PATHS = NO;
				CLANG_ANALYZER_NONNULL = YES;
				CLANG_ANALYZER_NUMBER_OBJECT_CONVERSION = YES_AGGRESSIVE;
				CLANG_CXX_LANGUAGE_STANDARD = "gnu++20";
				CLANG_ENABLE_MODULES = YES;
				CLANG_ENABLE_OBJC_ARC = YES;
				CLANG_ENABLE_OBJC_WEAK = YES;
				CLANG_WARN_BLOCK_CAPTURE_AUTORELEASING = YES;
				CLANG_WARN_BOOL_CONVERSION = YES;
				CLANG_WARN_COMMA = YES;
				CLANG_WARN_CONSTANT_CONVERSION = YES;
				CLANG_WARN_DEPRECATED_OBJC_IMPLEMENTATIONS = YES;
				CLANG_WARN_DIRECT_OBJC_ISA_USAGE = YES_ERROR;
				CLANG_WARN_DOCUMENTATION_COMMENTS = YES;
				CLANG_WARN_EMPTY_BODY = YES;
				CLANG_WARN_ENUM_CONVERSION = YES;
				CLANG_WARN_INFINITE_RECURSION = YES;
				CLANG_WARN_INT_CONVERSION = YES;
				CLANG_WARN_NON_LITERAL_NULL_CONVERSION = YES;
				CLANG_WARN_OBJC_IMPLICIT_RETAIN_SELF = YES;
				CLANG_WARN_OBJC_LITERAL_CONVERSION = YES;
				CLANG_WARN_OBJC_ROOT_CLASS = YES_ERROR;
				CLANG_WARN_QUOTED_INCLUDE_IN_FRAMEWORK_HEADER = YES;
				CLANG_WARN_RANGE_LOOP_ANALYSIS = YES;
				CLANG_WARN_STRICT_PROTOTYPES = YES;
				CLANG_WARN_SUSPICIOUS_MOVE = YES;
				CLANG_WARN_UNGUARDED_AVAILABILITY = YES_AGGRESSIVE;
				CLANG_WARN_UNREACHABLE_CODE = YES;
				CLANG_WARN__DUPLICATE_METHOD_MATCH = YES;
				COPY_PHASE_STRIP = NO;
				DEBUG_INFORMATION_FORMAT = "dwarf-with-dsym";
				ENABLE_NS_ASSERTIONS = NO;
				ENABLE_STRICT_OBJC_MSGSEND = YES;
				GCC_C_LANGUAGE_STANDARD = gnu11;
				GCC_NO_COMMON_BLOCKS = YES;
				GCC_WARN_64_TO_32_BIT_CONVERSION = YES;
				GCC_WARN_ABOUT_RETURN_TYPE = YES_ERROR;
				GCC_WARN_UNDECLARED_SELECTOR = YES;
				GCC_WARN_UNINITIALIZED_AUTOS = YES_AGGRESSIVE;
				GCC_WARN_UNUSED_FUNCTION = YES;
				GCC_WARN_UNUSED_VARIABLE = YES;
				IPHONEOS_DEPLOYMENT_TARGET = 16.2;
				MTL_ENABLE_DEBUG_INFO = NO;
				MTL_FAST_MATH = YES;
				SDKROOT = iphoneos;
				SWIFT_COMPILATION_MODE = wholemodule;
				SWIFT_OPTIMIZATION_LEVEL = "-O";
				VALIDATE_PRODUCT = YES;
			};
			name = Release;
		};
		DB6697EE29D064BB00E824B9 /* Debug */ = {
			isa = XCBuildConfiguration;
			buildSettings = {
				ALLOW_TARGET_PLATFORM_SPECIALIZATION = YES;
				ALWAYS_EMBED_SWIFT_STANDARD_LIBRARIES = YES;
				ASSETCATALOG_COMPILER_APPICON_NAME = AppIcon;
				ASSETCATALOG_COMPILER_GLOBAL_ACCENT_COLOR_NAME = AccentColor;
				CODE_SIGN_STYLE = Automatic;
				CURRENT_PROJECT_VERSION = 1;
				DEVELOPMENT_ASSET_PATHS = "\"account-abstraction-demo/Preview Content\"";
				DEVELOPMENT_TEAM = S6LDFWH8UA;
				ENABLE_PREVIEWS = YES;
				GENERATE_INFOPLIST_FILE = YES;
				INFOPLIST_KEY_UIApplicationSceneManifest_Generation = YES;
				INFOPLIST_KEY_UIApplicationSupportsIndirectInputEvents = YES;
				INFOPLIST_KEY_UILaunchScreen_Generation = YES;
				INFOPLIST_KEY_UISupportedInterfaceOrientations_iPad = "UIInterfaceOrientationPortrait UIInterfaceOrientationPortraitUpsideDown UIInterfaceOrientationLandscapeLeft UIInterfaceOrientationLandscapeRight";
				INFOPLIST_KEY_UISupportedInterfaceOrientations_iPhone = "UIInterfaceOrientationPortrait UIInterfaceOrientationLandscapeLeft UIInterfaceOrientationLandscapeRight";
				LD_RUNPATH_SEARCH_PATHS = (
					"$(inherited)",
					"@executable_path/Frameworks",
					"/Users/cesar/dev/polywrap/swift-client/scripts/includes",
				);
				LIBRARY_SEARCH_PATHS = "\"/Users/cesar/dev/polywrap/swift-client/scripts/includes/\"";
				MARKETING_VERSION = 1.0;
				OTHER_LDFLAGS = (
					"-L$(SRCROOT)/scripts/includes",
					"-L$(SRCROOT)/scripts/includes",
					"-L$(SRCROOT)/scripts/includes",
					"-lpolywrap_ffi_c",
				);
				PRODUCT_BUNDLE_IDENTIFIER = "polywrap.account-abstraction-demo";
				PRODUCT_NAME = "$(TARGET_NAME)";
				SWIFT_EMIT_LOC_STRINGS = YES;
				SWIFT_VERSION = 5.0;
				TARGETED_DEVICE_FAMILY = "1,2";
			};
			name = Debug;
		};
		DB6697EF29D064BB00E824B9 /* Release */ = {
			isa = XCBuildConfiguration;
			buildSettings = {
				ALLOW_TARGET_PLATFORM_SPECIALIZATION = YES;
				ALWAYS_EMBED_SWIFT_STANDARD_LIBRARIES = YES;
				ASSETCATALOG_COMPILER_APPICON_NAME = AppIcon;
				ASSETCATALOG_COMPILER_GLOBAL_ACCENT_COLOR_NAME = AccentColor;
				CODE_SIGN_STYLE = Automatic;
				CURRENT_PROJECT_VERSION = 1;
				DEVELOPMENT_ASSET_PATHS = "\"account-abstraction-demo/Preview Content\"";
				DEVELOPMENT_TEAM = S6LDFWH8UA;
				ENABLE_PREVIEWS = YES;
				GENERATE_INFOPLIST_FILE = YES;
				INFOPLIST_KEY_UIApplicationSceneManifest_Generation = YES;
				INFOPLIST_KEY_UIApplicationSupportsIndirectInputEvents = YES;
				INFOPLIST_KEY_UILaunchScreen_Generation = YES;
				INFOPLIST_KEY_UISupportedInterfaceOrientations_iPad = "UIInterfaceOrientationPortrait UIInterfaceOrientationPortraitUpsideDown UIInterfaceOrientationLandscapeLeft UIInterfaceOrientationLandscapeRight";
				INFOPLIST_KEY_UISupportedInterfaceOrientations_iPhone = "UIInterfaceOrientationPortrait UIInterfaceOrientationLandscapeLeft UIInterfaceOrientationLandscapeRight";
				LD_RUNPATH_SEARCH_PATHS = (
					"$(inherited)",
					"@executable_path/Frameworks",
					"/Users/cesar/dev/polywrap/swift-client/scripts/includes",
				);
				LIBRARY_SEARCH_PATHS = "\"/Users/cesar/dev/polywrap/swift-client/scripts/includes/\"";
				MARKETING_VERSION = 1.0;
				OTHER_LDFLAGS = (
					"-L$(SRCROOT)/scripts/includes",
					"-L$(SRCROOT)/scripts/includes",
					"-L$(SRCROOT)/scripts/includes",
					"-lpolywrap_ffi_c",
				);
				PRODUCT_BUNDLE_IDENTIFIER = "polywrap.account-abstraction-demo";
				PRODUCT_NAME = "$(TARGET_NAME)";
				SWIFT_EMIT_LOC_STRINGS = YES;
				SWIFT_VERSION = 5.0;
				TARGETED_DEVICE_FAMILY = "1,2";
			};
			name = Release;
		};
/* End XCBuildConfiguration section */

/* Begin XCConfigurationList section */
		DB6697DA29D064B900E824B9 /* Build configuration list for PBXProject "account-abstraction-demo" */ = {
			isa = XCConfigurationList;
			buildConfigurations = (
				DB6697EB29D064BB00E824B9 /* Debug */,
				DB6697EC29D064BB00E824B9 /* Release */,
			);
			defaultConfigurationIsVisible = 0;
			defaultConfigurationName = Release;
		};
		DB6697ED29D064BB00E824B9 /* Build configuration list for PBXNativeTarget "account-abstraction-demo" */ = {
			isa = XCConfigurationList;
			buildConfigurations = (
				DB6697EE29D064BB00E824B9 /* Debug */,
				DB6697EF29D064BB00E824B9 /* Release */,
			);
			defaultConfigurationIsVisible = 0;
			defaultConfigurationName = Release;
		};
/* End XCConfigurationList section */

/* Begin XCSwiftPackageProductDependency section */
		DB8DDE1E29D254E70058B8AD /* PolywrapClient */ = {
			isa = XCSwiftPackageProductDependency;
			productName = PolywrapClient;
		};
		DB8DDE2229D25A1F0058B8AD /* HttpPlugin */ = {
			isa = XCSwiftPackageProductDependency;
			productName = HttpPlugin;
		};
/* End XCSwiftPackageProductDependency section */
	};
	rootObject = DB6697D729D064B900E824B9 /* Project object */;
}
